// !$*UTF8*$!
{
	archiveVersion = 1;
	classes = {
	};
	objectVersion = 50;
	objects = {

/* Begin PBXBuildFile section */
		A8AA03A3228D91160087584B /* ItemCollectionViewCell.swift in Sources */ = {isa = PBXBuildFile; fileRef = A8AA03A2228D91160087584B /* ItemCollectionViewCell.swift */; };
		A8AA03A7228D9BD30087584B /* Item.swift in Sources */ = {isa = PBXBuildFile; fileRef = A8AA03A6228D9BD30087584B /* Item.swift */; };
		A8AA03A9228DC8390087584B /* MyLastViewController.swift in Sources */ = {isa = PBXBuildFile; fileRef = A8AA03A8228DC8390087584B /* MyLastViewController.swift */; };
		A8D18CC7228D888E0092ECF3 /* AppDelegate.swift in Sources */ = {isa = PBXBuildFile; fileRef = A8D18CC6228D888E0092ECF3 /* AppDelegate.swift */; };
		A8D18CC9228D888E0092ECF3 /* ViewController.swift in Sources */ = {isa = PBXBuildFile; fileRef = A8D18CC8228D888E0092ECF3 /* ViewController.swift */; };
		A8D18CCC228D888E0092ECF3 /* Main.storyboard in Resources */ = {isa = PBXBuildFile; fileRef = A8D18CCA228D888E0092ECF3 /* Main.storyboard */; };
		A8D18CCF228D888E0092ECF3 /* MakeUpAPIDemo.xcdatamodeld in Sources */ = {isa = PBXBuildFile; fileRef = A8D18CCD228D888E0092ECF3 /* MakeUpAPIDemo.xcdatamodeld */; };
		A8D18CD1228D888E0092ECF3 /* Assets.xcassets in Resources */ = {isa = PBXBuildFile; fileRef = A8D18CD0228D888E0092ECF3 /* Assets.xcassets */; };
		A8D18CD4228D888E0092ECF3 /* LaunchScreen.storyboard in Resources */ = {isa = PBXBuildFile; fileRef = A8D18CD2228D888E0092ECF3 /* LaunchScreen.storyboard */; };
/* End PBXBuildFile section */

/* Begin PBXFileReference section */
		A8AA03A2228D91160087584B /* ItemCollectionViewCell.swift */ = {isa = PBXFileReference; lastKnownFileType = sourcecode.swift; path = ItemCollectionViewCell.swift; sourceTree = "<group>"; };
		A8AA03A6228D9BD30087584B /* Item.swift */ = {isa = PBXFileReference; lastKnownFileType = sourcecode.swift; path = Item.swift; sourceTree = "<group>"; };
		A8AA03A8228DC8390087584B /* MyLastViewController.swift */ = {isa = PBXFileReference; lastKnownFileType = sourcecode.swift; path = MyLastViewController.swift; sourceTree = "<group>"; };
		A8D18CC3228D888E0092ECF3 /* MakeUpAPIDemo.app */ = {isa = PBXFileReference; explicitFileType = wrapper.application; includeInIndex = 0; path = MakeUpAPIDemo.app; sourceTree = BUILT_PRODUCTS_DIR; };
		A8D18CC6228D888E0092ECF3 /* AppDelegate.swift */ = {isa = PBXFileReference; lastKnownFileType = sourcecode.swift; path = AppDelegate.swift; sourceTree = "<group>"; };
		A8D18CC8228D888E0092ECF3 /* ViewController.swift */ = {isa = PBXFileReference; lastKnownFileType = sourcecode.swift; path = ViewController.swift; sourceTree = "<group>"; };
		A8D18CCB228D888E0092ECF3 /* Base */ = {isa = PBXFileReference; lastKnownFileType = file.storyboard; name = Base; path = Base.lproj/Main.storyboard; sourceTree = "<group>"; };
		A8D18CCE228D888E0092ECF3 /* MakeUpAPIDemo.xcdatamodel */ = {isa = PBXFileReference; lastKnownFileType = wrapper.xcdatamodel; path = MakeUpAPIDemo.xcdatamodel; sourceTree = "<group>"; };
		A8D18CD0228D888E0092ECF3 /* Assets.xcassets */ = {isa = PBXFileReference; lastKnownFileType = folder.assetcatalog; path = Assets.xcassets; sourceTree = "<group>"; };
		A8D18CD3228D888E0092ECF3 /* Base */ = {isa = PBXFileReference; lastKnownFileType = file.storyboard; name = Base; path = Base.lproj/LaunchScreen.storyboard; sourceTree = "<group>"; };
		A8D18CD5228D888E0092ECF3 /* Info.plist */ = {isa = PBXFileReference; lastKnownFileType = text.plist.xml; path = Info.plist; sourceTree = "<group>"; };
/* End PBXFileReference section */

/* Begin PBXFrameworksBuildPhase section */
		A8D18CC0228D888E0092ECF3 /* Frameworks */ = {
			isa = PBXFrameworksBuildPhase;
			buildActionMask = 2147483647;
			files = (
			);
			runOnlyForDeploymentPostprocessing = 0;
		};
/* End PBXFrameworksBuildPhase section */

/* Begin PBXGroup section */
		A8D18CBA228D888E0092ECF3 = {
			isa = PBXGroup;
			children = (
				A8D18CC5228D888E0092ECF3 /* MakeUpAPIDemo */,
				A8D18CC4228D888E0092ECF3 /* Products */,
			);
			sourceTree = "<group>";
		};
		A8D18CC4228D888E0092ECF3 /* Products */ = {
			isa = PBXGroup;
			children = (
				A8D18CC3228D888E0092ECF3 /* MakeUpAPIDemo.app */,
			);
			name = Products;
			sourceTree = "<group>";
		};
		A8D18CC5228D888E0092ECF3 /* MakeUpAPIDemo */ = {
			isa = PBXGroup;
			children = (
				A8D18CC6228D888E0092ECF3 /* AppDelegate.swift */,
				A8D18CCA228D888E0092ECF3 /* Main.storyboard */,
				A8D18CC8228D888E0092ECF3 /* ViewController.swift */,
				A8AA03A2228D91160087584B /* ItemCollectionViewCell.swift */,
				A8AA03A8228DC8390087584B /* MyLastViewController.swift */,
				A8AA03A6228D9BD30087584B /* Item.swift */,
				A8D18CD0228D888E0092ECF3 /* Assets.xcassets */,
				A8D18CD2228D888E0092ECF3 /* LaunchScreen.storyboard */,
				A8D18CD5228D888E0092ECF3 /* Info.plist */,
				A8D18CCD228D888E0092ECF3 /* MakeUpAPIDemo.xcdatamodeld */,
			);
			path = MakeUpAPIDemo;
			sourceTree = "<group>";
		};
/* End PBXGroup section */

/* Begin PBXNativeTarget section */
		A8D18CC2228D888E0092ECF3 /* MakeUpAPIDemo */ = {
			isa = PBXNativeTarget;
			buildConfigurationList = A8D18CD8228D888E0092ECF3 /* Build configuration list for PBXNativeTarget "MakeUpAPIDemo" */;
			buildPhases = (
				A8D18CBF228D888E0092ECF3 /* Sources */,
				A8D18CC0228D888E0092ECF3 /* Frameworks */,
				A8D18CC1228D888E0092ECF3 /* Resources */,
			);
			buildRules = (
			);
			dependencies = (
			);
			name = MakeUpAPIDemo;
			productName = MakeUpAPIDemo;
			productReference = A8D18CC3228D888E0092ECF3 /* MakeUpAPIDemo.app */;
			productType = "com.apple.product-type.application";
		};
/* End PBXNativeTarget section */

/* Begin PBXProject section */
		A8D18CBB228D888E0092ECF3 /* Project object */ = {
			isa = PBXProject;
			attributes = {
				LastSwiftUpdateCheck = 1020;
				LastUpgradeCheck = 1020;
				ORGANIZATIONNAME = Joy;
				TargetAttributes = {
					A8D18CC2228D888E0092ECF3 = {
						CreatedOnToolsVersion = 10.2.1;
					};
				};
			};
			buildConfigurationList = A8D18CBE228D888E0092ECF3 /* Build configuration list for PBXProject "MakeUpAPIDemo" */;
			compatibilityVersion = "Xcode 9.3";
			developmentRegion = en;
			hasScannedForEncodings = 0;
			knownRegions = (
				en,
				Base,
			);
			mainGroup = A8D18CBA228D888E0092ECF3;
			productRefGroup = A8D18CC4228D888E0092ECF3 /* Products */;
			projectDirPath = "";
			projectRoot = "";
			targets = (
				A8D18CC2228D888E0092ECF3 /* MakeUpAPIDemo */,
			);
		};
/* End PBXProject section */

/* Begin PBXResourcesBuildPhase section */
		A8D18CC1228D888E0092ECF3 /* Resources */ = {
			isa = PBXResourcesBuildPhase;
			buildActionMask = 2147483647;
			files = (
				A8D18CD4228D888E0092ECF3 /* LaunchScreen.storyboard in Resources */,
				A8D18CD1228D888E0092ECF3 /* Assets.xcassets in Resources */,
				A8D18CCC228D888E0092ECF3 /* Main.storyboard in Resources */,
			);
			runOnlyForDeploymentPostprocessing = 0;
		};
/* End PBXResourcesBuildPhase section */

/* Begin PBXSourcesBuildPhase section */
		A8D18CBF228D888E0092ECF3 /* Sources */ = {
			isa = PBXSourcesBuildPhase;
			buildActionMask = 2147483647;
			files = (
				A8D18CC9228D888E0092ECF3 /* ViewController.swift in Sources */,
				A8AA03A3228D91160087584B /* ItemCollectionViewCell.swift in Sources */,
				A8D18CCF228D888E0092ECF3 /* MakeUpAPIDemo.xcdatamodeld in Sources */,
				A8AA03A7228D9BD30087584B /* Item.swift in Sources */,
				A8AA03A9228DC8390087584B /* MyLastViewController.swift in Sources */,
				A8D18CC7228D888E0092ECF3 /* AppDelegate.swift in Sources */,
			);
			runOnlyForDeploymentPostprocessing = 0;
		};
/* End PBXSourcesBuildPhase section */

/* Begin PBXVariantGroup section */
		A8D18CCA228D888E0092ECF3 /* Main.storyboard */ = {
			isa = PBXVariantGroup;
			children = (
				A8D18CCB228D888E0092ECF3 /* Base */,
			);
			name = Main.storyboard;
			sourceTree = "<group>";
		};
		A8D18CD2228D888E0092ECF3 /* LaunchScreen.storyboard */ = {
			isa = PBXVariantGroup;
			children = (
				A8D18CD3228D888E0092ECF3 /* Base */,
			);
			name = LaunchScreen.storyboard;
			sourceTree = "<group>";
		};
/* End PBXVariantGroup section */

/* Begin XCBuildConfiguration section */
		A8D18CD6228D888E0092ECF3 /* Debug */ = {
			isa = XCBuildConfiguration;
			buildSettings = {
				ALWAYS_SEARCH_USER_PATHS = NO;
				CLANG_ANALYZER_NONNULL = YES;
				CLANG_ANALYZER_NUMBER_OBJECT_CONVERSION = YES_AGGRESSIVE;
				CLANG_CXX_LANGUAGE_STANDARD = "gnu++14";
				CLANG_CXX_LIBRARY = "libc++";
				CLANG_ENABLE_MODULES = YES;
				CLANG_ENABLE_OBJC_ARC = YES;
				CLANG_ENABLE_OBJC_WEAK = YES;
				CLANG_WARN_BLOCK_CAPTURE_AUTORELEASING = YES;
				CLANG_WARN_BOOL_CONVERSION = YES;
				CLANG_WARN_COMMA = YES;
				CLANG_WARN_CONSTANT_CONVERSION = YES;
				CLANG_WARN_DEPRECATED_OBJC_IMPLEMENTATIONS = YES;
				CLANG_WARN_DIRECT_OBJC_ISA_USAGE = YES_ERROR;
				CLANG_WARN_DOCUMENTATION_COMMENTS = YES;
				CLANG_WARN_EMPTY_BODY = YES;
				CLANG_WARN_ENUM_CONVERSION = YES;
				CLANG_WARN_INFINITE_RECURSION = YES;
				CLANG_WARN_INT_CONVERSION = YES;
				CLANG_WARN_NON_LITERAL_NULL_CONVERSION = YES;
				CLANG_WARN_OBJC_IMPLICIT_RETAIN_SELF = YES;
				CLANG_WARN_OBJC_LITERAL_CONVERSION = YES;
				CLANG_WARN_OBJC_ROOT_CLASS = YES_ERROR;
				CLANG_WARN_RANGE_LOOP_ANALYSIS = YES;
				CLANG_WARN_STRICT_PROTOTYPES = YES;
				CLANG_WARN_SUSPICIOUS_MOVE = YES;
				CLANG_WARN_UNGUARDED_AVAILABILITY = YES_AGGRESSIVE;
				CLANG_WARN_UNREACHABLE_CODE = YES;
				CLANG_WARN__DUPLICATE_METHOD_MATCH = YES;
				CODE_SIGN_IDENTITY = "iPhone Developer";
				COPY_PHASE_STRIP = NO;
				DEBUG_INFORMATION_FORMAT = dwarf;
				ENABLE_STRICT_OBJC_MSGSEND = YES;
				ENABLE_TESTABILITY = YES;
				GCC_C_LANGUAGE_STANDARD = gnu11;
				GCC_DYNAMIC_NO_PIC = NO;
				GCC_NO_COMMON_BLOCKS = YES;
				GCC_OPTIMIZATION_LEVEL = 0;
				GCC_PREPROCESSOR_DEFINITIONS = (
					"DEBUG=1",
					"$(inherited)",
				);
				GCC_WARN_64_TO_32_BIT_CONVERSION = YES;
				GCC_WARN_ABOUT_RETURN_TYPE = YES_ERROR;
				GCC_WARN_UNDECLARED_SELECTOR = YES;
				GCC_WARN_UNINITIALIZED_AUTOS = YES_AGGRESSIVE;
				GCC_WARN_UNUSED_FUNCTION = YES;
				GCC_WARN_UNUSED_VARIABLE = YES;
				IPHONEOS_DEPLOYMENT_TARGET = 12.2;
				MTL_ENABLE_DEBUG_INFO = INCLUDE_SOURCE;
				MTL_FAST_MATH = YES;
				ONLY_ACTIVE_ARCH = YES;
				SDKROOT = iphoneos;
				SWIFT_ACTIVE_COMPILATION_CONDITIONS = DEBUG;
				SWIFT_OPTIMIZATION_LEVEL = "-Onone";
			};
			name = Debug;
		};
		A8D18CD7228D888E0092ECF3 /* Release */ = {
			isa = XCBuildConfiguration;
			buildSettings = {
				ALWAYS_SEARCH_USER_PATHS = NO;
				CLANG_ANALYZER_NONNULL = YES;
				CLANG_ANALYZER_NUMBER_OBJECT_CONVERSION = YES_AGGRESSIVE;
				CLANG_CXX_LANGUAGE_STANDARD = "gnu++14";
				CLANG_CXX_LIBRARY = "libc++";
				CLANG_ENABLE_MODULES = YES;
				CLANG_ENABLE_OBJC_ARC = YES;
				CLANG_ENABLE_OBJC_WEAK = YES;
				CLANG_WARN_BLOCK_CAPTURE_AUTORELEASING = YES;
				CLANG_WARN_BOOL_CONVERSION = YES;
				CLANG_WARN_COMMA = YES;
				CLANG_WARN_CONSTANT_CONVERSION = YES;
				CLANG_WARN_DEPRECATED_OBJC_IMPLEMENTATIONS = YES;
				CLANG_WARN_DIRECT_OBJC_ISA_USAGE = YES_ERROR;
				CLANG_WARN_DOCUMENTATION_COMMENTS = YES;
				CLANG_WARN_EMPTY_BODY = YES;
				CLANG_WARN_ENUM_CONVERSION = YES;
				CLANG_WARN_INFINITE_RECURSION = YES;
				CLANG_WARN_INT_CONVERSION = YES;
				CLANG_WARN_NON_LITERAL_NULL_CONVERSION = YES;
				CLANG_WARN_OBJC_IMPLICIT_RETAIN_SELF = YES;
				CLANG_WARN_OBJC_LITERAL_CONVERSION = YES;
				CLANG_WARN_OBJC_ROOT_CLASS = YES_ERROR;
				CLANG_WARN_RANGE_LOOP_ANALYSIS = YES;
				CLANG_WARN_STRICT_PROTOTYPES = YES;
				CLANG_WARN_SUSPICIOUS_MOVE = YES;
				CLANG_WARN_UNGUARDED_AVAILABILITY = YES_AGGRESSIVE;
				CLANG_WARN_UNREACHABLE_CODE = YES;
				CLANG_WARN__DUPLICATE_METHOD_MATCH = YES;
				CODE_SIGN_IDENTITY = "iPhone Developer";
				COPY_PHASE_STRIP = NO;
				DEBUG_INFORMATION_FORMAT = "dwarf-with-dsym";
				ENABLE_NS_ASSERTIONS = NO;
				ENABLE_STRICT_OBJC_MSGSEND = YES;
				GCC_C_LANGUAGE_STANDARD = gnu11;
				GCC_NO_COMMON_BLOCKS = YES;
				GCC_WARN_64_TO_32_BIT_CONVERSION = YES;
				GCC_WARN_ABOUT_RETURN_TYPE = YES_ERROR;
				GCC_WARN_UNDECLARED_SELECTOR = YES;
				GCC_WARN_UNINITIALIZED_AUTOS = YES_AGGRESSIVE;
				GCC_WARN_UNUSED_FUNCTION = YES;
				GCC_WARN_UNUSED_VARIABLE = YES;
				IPHONEOS_DEPLOYMENT_TARGET = 12.2;
				MTL_ENABLE_DEBUG_INFO = NO;
				MTL_FAST_MATH = YES;
				SDKROOT = iphoneos;
				SWIFT_COMPILATION_MODE = wholemodule;
				SWIFT_OPTIMIZATION_LEVEL = "-O";
				VALIDATE_PRODUCT = YES;
			};
			name = Release;
		};
		A8D18CD9228D888E0092ECF3 /* Debug */ = {
			isa = XCBuildConfiguration;
			buildSettings = {
				ASSETCATALOG_COMPILER_APPICON_NAME = AppIcon;
				CODE_SIGN_STYLE = Automatic;
				DEVELOPMENT_TEAM = 3JZ79KF853;
				INFOPLIST_FILE = MakeUpAPIDemo/Info.plist;
				LD_RUNPATH_SEARCH_PATHS = (
					"$(inherited)",
					"@executable_path/Frameworks",
				);
				PRODUCT_BUNDLE_IDENTIFIER = com.jo.MakeUpAPIDemo;
				PRODUCT_NAME = "$(TARGET_NAME)";
				SWIFT_VERSION = 5.0;
				TARGETED_DEVICE_FAMILY = "1,2";
			};
			name = Debug;
		};
		A8D18CDA228D888E0092ECF3 /* Release */ = {
			isa = XCBuildConfiguration;
			buildSettings = {
				ASSETCATALOG_COMPILER_APPICON_NAME = AppIcon;
				CODE_SIGN_STYLE = Automatic;
				DEVELOPMENT_TEAM = 3JZ79KF853;
				INFOPLIST_FILE = MakeUpAPIDemo/Info.plist;
				LD_RUNPATH_SEARCH_PATHS = (
					"$(inherited)",
					"@executable_path/Frameworks",
				);
				PRODUCT_BUNDLE_IDENTIFIER = com.jo.MakeUpAPIDemo;
				PRODUCT_NAME = "$(TARGET_NAME)";
				SWIFT_VERSION = 5.0;
				TARGETED_DEVICE_FAMILY = "1,2";
			};
			name = Release;
		};
/* End XCBuildConfiguration section */

/* Begin XCConfigurationList section */
		A8D18CBE228D888E0092ECF3 /* Build configuration list for PBXProject "MakeUpAPIDemo" */ = {
			isa = XCConfigurationList;
			buildConfigurations = (
				A8D18CD6228D888E0092ECF3 /* Debug */,
				A8D18CD7228D888E0092ECF3 /* Release */,
			);
			defaultConfigurationIsVisible = 0;
			defaultConfigurationName = Release;
		};
		A8D18CD8228D888E0092ECF3 /* Build configuration list for PBXNativeTarget "MakeUpAPIDemo" */ = {
			isa = XCConfigurationList;
			buildConfigurations = (
				A8D18CD9228D888E0092ECF3 /* Debug */,
				A8D18CDA228D888E0092ECF3 /* Release */,
			);
			defaultConfigurationIsVisible = 0;
			defaultConfigurationName = Release;
		};
/* End XCConfigurationList section */

/* Begin XCVersionGroup section */
		A8D18CCD228D888E0092ECF3 /* MakeUpAPIDemo.xcdatamodeld */ = {
			isa = XCVersionGroup;
			children = (
				A8D18CCE228D888E0092ECF3 /* MakeUpAPIDemo.xcdatamodel */,
			);
			currentVersion = A8D18CCE228D888E0092ECF3 /* MakeUpAPIDemo.xcdatamodel */;
			path = MakeUpAPIDemo.xcdatamodeld;
			sourceTree = "<group>";
			versionGroupType = wrapper.xcdatamodel;
		};
/* End XCVersionGroup section */
	};
	rootObject = A8D18CBB228D888E0092ECF3 /* Project object */;
}
